PODS:
  - Action (4.0.0):
    - RxCocoa (~> 5.0)
    - RxSwift (~> 5.0)
  - Alamofire (4.8.2)
  - CocoaLumberjack/Core (3.5.3)
  - CocoaLumberjack/Swift (3.5.3):
    - CocoaLumberjack/Core
  - FTLinearActivityIndicator (1.2)
  - KeychainAccess (3.2.0)
  - MBProgressHUD (1.1.0)
  - RxAlamofire (5.0.0):
    - RxAlamofire/Core (= 5.0.0)
  - RxAlamofire/Core (5.0.0):
    - Alamofire (~> 4.8)
    - RxSwift (~> 5.0)
  - RxCocoa (5.0.0):
    - RxRelay (~> 5)
    - RxSwift (~> 5)
  - RxRelay (5.0.0):
    - RxSwift (~> 5)
  - RxSwift (5.0.0)
  - SnapKit (5.0.0)
  - SwiftLint (0.32.0)
  - TTGSnackbar (1.7.5)

DEPENDENCIES:
  - Action
  - CocoaLumberjack/Swift
  - FTLinearActivityIndicator
  - KeychainAccess
  - MBProgressHUD
  - RxAlamofire
  - RxCocoa
  - RxSwift
  - SnapKit
  - SwiftLint
  - TTGSnackbar

SPEC REPOS:
  https://github.com/cocoapods/specs.git:
    - Action
    - Alamofire
    - CocoaLumberjack
    - FTLinearActivityIndicator
    - KeychainAccess
    - MBProgressHUD
    - RxAlamofire
    - RxCocoa
    - RxRelay
    - RxSwift
    - SnapKit
    - SwiftLint
    - TTGSnackbar

SPEC CHECKSUMS:
  Action: 0d14986aad0f1330aa27ce65d0cdeaacbb63d91c
  Alamofire: ae5c501addb7afdbb13687d7f2f722c78734c2d3
  CocoaLumberjack: 2f44e60eb91c176d471fdba43b9e3eae6a721947
  FTLinearActivityIndicator: 1bc0016c92a6aae20a0a3ed5d73ee46cdd007863
  KeychainAccess: 3b1bf8a77eb4c6ea1ce9404c292e48f948954c6b
  MBProgressHUD: e7baa36a220447d8aeb12769bf0585582f3866d9
  RxAlamofire: e7875a012aff55345672d0f70a2a9cd6aeb0f211
  RxCocoa: fcf32050ac00d801f34a7f71d5e8e7f23026dcd8
  RxRelay: 4f7409406a51a55cd88483f21ed898c234d60f18
  RxSwift: 8b0671caa829a763bbce7271095859121cbd895f
  SnapKit: fd22d10eb9aff484d79a8724eab922c1ddf89bcf
  SwiftLint: 009a898ef2a1c851f45e1b59349bf6ff2ddc990d
  TTGSnackbar: 2cf4e7b6ffbe5cddf248a73f3ee952b71bee8ea3

PODFILE CHECKSUM: 1e41941c03f87b14cff2fe22e93f0da8ee10493e

COCOAPODS: 1.6.1
